
Microsoft Visual Studio Solution File, Format Version 12.00
# Visual Studio Version 17
VisualStudioVersion = 17.9.34728.123
MinimumVisualStudioVersion = 10.0.40219.1
Project("{2150E333-8FDC-42A3-9474-1A3956D46DE8}") = "src", "src", "{2A989FE7-0CE1-4070-8A72-B3E02F96EE2F}"
EndProject
Project("{9A19103F-16F7-4668-BE54-9A1E7A4F7556}") = "Orchard.Park.SqlSugar", "src\Orchard.Park.SqlSugar\Orchard.Park.SqlSugar.csproj", "{9962B031-E7E4-4ED2-A05E-9DA9DBC8780B}"
EndProject
Project("{9A19103F-16F7-4668-BE54-9A1E7A4F7556}") = "Orchard.Park.Serilog", "src\Orchard.Park.Serilog\Orchard.Park.Serilog.csproj", "{166F991E-2EF1-42FE-98F6-DC1C8C080348}"
EndProject
Project("{9A19103F-16F7-4668-BE54-9A1E7A4F7556}") = "Orchard.Park.Core", "src\Orchard.Park.Core\Orchard.Park.Core.csproj", "{6EF6751D-AB04-4151-AB81-BFA006567658}"
EndProject
Project("{9A19103F-16F7-4668-BE54-9A1E7A4F7556}") = "Orchard.Park.AspNetCore", "src\Orchard.Park.AspNetCore\Orchard.Park.AspNetCore.csproj", "{3A1E382C-2FEC-4BA3-8992-7355ADD1659D}"
EndProject
Project("{9A19103F-16F7-4668-BE54-9A1E7A4F7556}") = "Orchard.Park.CodeGenerator", "src\Orchard.Park.CodeGenerator\Orchard.Park.CodeGenerator.csproj", "{DCFF27B3-F64B-4BF8-AF73-F9722BA5C2F3}"
EndProject
Project("{9A19103F-16F7-4668-BE54-9A1E7A4F7556}") = "Orchard.Park.Management.API", "src\Orchard.Park.Management.API\Orchard.Park.Management.API.csproj", "{27085707-4E47-46AA-A3EC-E5D33BF48098}"
EndProject
Project("{2150E333-8FDC-42A3-9474-1A3956D46DE8}") = "00.Core", "00.Core", "{8E872250-DACA-47B3-90FB-D9486270E7EF}"
EndProject
Project("{9A19103F-16F7-4668-BE54-9A1E7A4F7556}") = "Orchard.Park.Identity", "src\Orchard.Park.Identity\Orchard.Park.Identity.csproj", "{E53B3836-4D30-4E40-A91E-DA06C9424972}"
EndProject
Project("{FAE04EC0-301F-11D3-BF4B-00C04F79EFBC}") = "Orchard.Park.Model", "src\Orchard.Park.Management.Entity\Orchard.Park.Model.csproj", "{DA6AEA35-1DD9-4C6D-80A0-464A33B1036D}"
EndProject
Project("{2150E333-8FDC-42A3-9474-1A3956D46DE8}") = "01.Entity", "01.Entity", "{819A4E1B-8A18-4877-AE18-5919C6DFBDFA}"
EndProject
Project("{2150E333-8FDC-42A3-9474-1A3956D46DE8}") = "03.Services", "03.Services", "{82514E05-C9B6-4CC3-A2FB-1C161C99B00D}"
EndProject
Project("{2150E333-8FDC-42A3-9474-1A3956D46DE8}") = "02.Repository", "02.Repository", "{2539F8EE-F002-41AF-B0F4-A8C3A30C2235}"
EndProject
Project("{FAE04EC0-301F-11D3-BF4B-00C04F79EFBC}") = "Orchard.Park.IRepository", "src\Orchard.Park.IRepository\Orchard.Park.IRepository.csproj", "{48DD52B9-7B0B-4E12-859F-9E99B33C28F8}"
EndProject
Project("{FAE04EC0-301F-11D3-BF4B-00C04F79EFBC}") = "Orchard.Park.Repository", "src\Orchard.Park.Repository\Orchard.Park.Repository.csproj", "{21A81EBA-97A4-4C32-81E3-61AE6794DE93}"
EndProject
Project("{FAE04EC0-301F-11D3-BF4B-00C04F79EFBC}") = "Orchard.Park.IService", "src\Orchard.Park.IService\Orchard.Park.IService.csproj", "{6809D53A-D293-4D0E-9A2C-81CE3B0EFAC7}"
EndProject
Project("{FAE04EC0-301F-11D3-BF4B-00C04F79EFBC}") = "Orchard.Park.Service", "src\Orchard.Park.Service\Orchard.Park.Service.csproj", "{6C7FC9EE-4722-4556-8600-7397C4337313}"
EndProject
Global
	GlobalSection(SolutionConfigurationPlatforms) = preSolution
		Debug|Any CPU = Debug|Any CPU
		Release|Any CPU = Release|Any CPU
	EndGlobalSection
	GlobalSection(ProjectConfigurationPlatforms) = postSolution
		{9962B031-E7E4-4ED2-A05E-9DA9DBC8780B}.Debug|Any CPU.ActiveCfg = Debug|Any CPU
		{9962B031-E7E4-4ED2-A05E-9DA9DBC8780B}.Debug|Any CPU.Build.0 = Debug|Any CPU
		{9962B031-E7E4-4ED2-A05E-9DA9DBC8780B}.Release|Any CPU.ActiveCfg = Release|Any CPU
		{9962B031-E7E4-4ED2-A05E-9DA9DBC8780B}.Release|Any CPU.Build.0 = Release|Any CPU
		{166F991E-2EF1-42FE-98F6-DC1C8C080348}.Debug|Any CPU.ActiveCfg = Debug|Any CPU
		{166F991E-2EF1-42FE-98F6-DC1C8C080348}.Debug|Any CPU.Build.0 = Debug|Any CPU
		{166F991E-2EF1-42FE-98F6-DC1C8C080348}.Release|Any CPU.ActiveCfg = Release|Any CPU
		{166F991E-2EF1-42FE-98F6-DC1C8C080348}.Release|Any CPU.Build.0 = Release|Any CPU
		{6EF6751D-AB04-4151-AB81-BFA006567658}.Debug|Any CPU.ActiveCfg = Debug|Any CPU
		{6EF6751D-AB04-4151-AB81-BFA006567658}.Debug|Any CPU.Build.0 = Debug|Any CPU
		{6EF6751D-AB04-4151-AB81-BFA006567658}.Release|Any CPU.ActiveCfg = Release|Any CPU
		{6EF6751D-AB04-4151-AB81-BFA006567658}.Release|Any CPU.Build.0 = Release|Any CPU
		{3A1E382C-2FEC-4BA3-8992-7355ADD1659D}.Debug|Any CPU.ActiveCfg = Debug|Any CPU
		{3A1E382C-2FEC-4BA3-8992-7355ADD1659D}.Debug|Any CPU.Build.0 = Debug|Any CPU
		{3A1E382C-2FEC-4BA3-8992-7355ADD1659D}.Release|Any CPU.ActiveCfg = Release|Any CPU
		{3A1E382C-2FEC-4BA3-8992-7355ADD1659D}.Release|Any CPU.Build.0 = Release|Any CPU
		{DCFF27B3-F64B-4BF8-AF73-F9722BA5C2F3}.Debug|Any CPU.ActiveCfg = Debug|Any CPU
		{DCFF27B3-F64B-4BF8-AF73-F9722BA5C2F3}.Debug|Any CPU.Build.0 = Debug|Any CPU
		{DCFF27B3-F64B-4BF8-AF73-F9722BA5C2F3}.Release|Any CPU.ActiveCfg = Release|Any CPU
		{DCFF27B3-F64B-4BF8-AF73-F9722BA5C2F3}.Release|Any CPU.Build.0 = Release|Any CPU
		{27085707-4E47-46AA-A3EC-E5D33BF48098}.Debug|Any CPU.ActiveCfg = Debug|Any CPU
		{27085707-4E47-46AA-A3EC-E5D33BF48098}.Debug|Any CPU.Build.0 = Debug|Any CPU
		{27085707-4E47-46AA-A3EC-E5D33BF48098}.Release|Any CPU.ActiveCfg = Release|Any CPU
		{27085707-4E47-46AA-A3EC-E5D33BF48098}.Release|Any CPU.Build.0 = Release|Any CPU
		{E53B3836-4D30-4E40-A91E-DA06C9424972}.Debug|Any CPU.ActiveCfg = Debug|Any CPU
		{E53B3836-4D30-4E40-A91E-DA06C9424972}.Debug|Any CPU.Build.0 = Debug|Any CPU
		{E53B3836-4D30-4E40-A91E-DA06C9424972}.Release|Any CPU.ActiveCfg = Release|Any CPU
		{E53B3836-4D30-4E40-A91E-DA06C9424972}.Release|Any CPU.Build.0 = Release|Any CPU
		{DA6AEA35-1DD9-4C6D-80A0-464A33B1036D}.Debug|Any CPU.ActiveCfg = Debug|Any CPU
		{DA6AEA35-1DD9-4C6D-80A0-464A33B1036D}.Debug|Any CPU.Build.0 = Debug|Any CPU
		{DA6AEA35-1DD9-4C6D-80A0-464A33B1036D}.Release|Any CPU.ActiveCfg = Release|Any CPU
		{DA6AEA35-1DD9-4C6D-80A0-464A33B1036D}.Release|Any CPU.Build.0 = Release|Any CPU
		{48DD52B9-7B0B-4E12-859F-9E99B33C28F8}.Debug|Any CPU.ActiveCfg = Debug|Any CPU
		{48DD52B9-7B0B-4E12-859F-9E99B33C28F8}.Debug|Any CPU.Build.0 = Debug|Any CPU
		{48DD52B9-7B0B-4E12-859F-9E99B33C28F8}.Release|Any CPU.ActiveCfg = Release|Any CPU
		{48DD52B9-7B0B-4E12-859F-9E99B33C28F8}.Release|Any CPU.Build.0 = Release|Any CPU
		{21A81EBA-97A4-4C32-81E3-61AE6794DE93}.Debug|Any CPU.ActiveCfg = Debug|Any CPU
		{21A81EBA-97A4-4C32-81E3-61AE6794DE93}.Debug|Any CPU.Build.0 = Debug|Any CPU
		{21A81EBA-97A4-4C32-81E3-61AE6794DE93}.Release|Any CPU.ActiveCfg = Release|Any CPU
		{21A81EBA-97A4-4C32-81E3-61AE6794DE93}.Release|Any CPU.Build.0 = Release|Any CPU
		{6809D53A-D293-4D0E-9A2C-81CE3B0EFAC7}.Debug|Any CPU.ActiveCfg = Debug|Any CPU
		{6809D53A-D293-4D0E-9A2C-81CE3B0EFAC7}.Debug|Any CPU.Build.0 = Debug|Any CPU
		{6809D53A-D293-4D0E-9A2C-81CE3B0EFAC7}.Release|Any CPU.ActiveCfg = Release|Any CPU
		{6809D53A-D293-4D0E-9A2C-81CE3B0EFAC7}.Release|Any CPU.Build.0 = Release|Any CPU
		{6C7FC9EE-4722-4556-8600-7397C4337313}.Debug|Any CPU.ActiveCfg = Debug|Any CPU
		{6C7FC9EE-4722-4556-8600-7397C4337313}.Debug|Any CPU.Build.0 = Debug|Any CPU
		{6C7FC9EE-4722-4556-8600-7397C4337313}.Release|Any CPU.ActiveCfg = Release|Any CPU
		{6C7FC9EE-4722-4556-8600-7397C4337313}.Release|Any CPU.Build.0 = Release|Any CPU
	EndGlobalSection
	GlobalSection(SolutionProperties) = preSolution
		HideSolutionNode = FALSE
	EndGlobalSection
	GlobalSection(NestedProjects) = preSolution
		{9962B031-E7E4-4ED2-A05E-9DA9DBC8780B} = {8E872250-DACA-47B3-90FB-D9486270E7EF}
		{166F991E-2EF1-42FE-98F6-DC1C8C080348} = {8E872250-DACA-47B3-90FB-D9486270E7EF}
		{6EF6751D-AB04-4151-AB81-BFA006567658} = {8E872250-DACA-47B3-90FB-D9486270E7EF}
		{3A1E382C-2FEC-4BA3-8992-7355ADD1659D} = {8E872250-DACA-47B3-90FB-D9486270E7EF}
		{DCFF27B3-F64B-4BF8-AF73-F9722BA5C2F3} = {8E872250-DACA-47B3-90FB-D9486270E7EF}
		{27085707-4E47-46AA-A3EC-E5D33BF48098} = {2A989FE7-0CE1-4070-8A72-B3E02F96EE2F}
		{8E872250-DACA-47B3-90FB-D9486270E7EF} = {2A989FE7-0CE1-4070-8A72-B3E02F96EE2F}
		{E53B3836-4D30-4E40-A91E-DA06C9424972} = {8E872250-DACA-47B3-90FB-D9486270E7EF}
		{DA6AEA35-1DD9-4C6D-80A0-464A33B1036D} = {819A4E1B-8A18-4877-AE18-5919C6DFBDFA}
		{819A4E1B-8A18-4877-AE18-5919C6DFBDFA} = {2A989FE7-0CE1-4070-8A72-B3E02F96EE2F}
		{82514E05-C9B6-4CC3-A2FB-1C161C99B00D} = {2A989FE7-0CE1-4070-8A72-B3E02F96EE2F}
		{2539F8EE-F002-41AF-B0F4-A8C3A30C2235} = {2A989FE7-0CE1-4070-8A72-B3E02F96EE2F}
		{48DD52B9-7B0B-4E12-859F-9E99B33C28F8} = {2539F8EE-F002-41AF-B0F4-A8C3A30C2235}
		{21A81EBA-97A4-4C32-81E3-61AE6794DE93} = {2539F8EE-F002-41AF-B0F4-A8C3A30C2235}
		{6809D53A-D293-4D0E-9A2C-81CE3B0EFAC7} = {82514E05-C9B6-4CC3-A2FB-1C161C99B00D}
		{6C7FC9EE-4722-4556-8600-7397C4337313} = {82514E05-C9B6-4CC3-A2FB-1C161C99B00D}
	EndGlobalSection
	GlobalSection(ExtensibilityGlobals) = postSolution
		SolutionGuid = {5F781C55-C9E3-441F-BECB-40C552F936B2}
	EndGlobalSection
EndGlobal
